
Microsoft Visual Studio Solution File, Format Version 12.00
# Visual Studio Version 16
VisualStudioVersion = 16.0.31729.503
MinimumVisualStudioVersion = 10.0.40219.1
Project("{FAE04EC0-301F-11D3-BF4B-00C04F79EFBC}") = "MicroServicesRabbitMQExe", "MicroServicesRabbitMQExe\MicroServicesRabbitMQExe.csproj", "{4E5E71AF-AF58-4A4B-B781-E9F1E5E2D197}"
EndProject
Project("{FAE04EC0-301F-11D3-BF4B-00C04F79EFBC}") = "SendList.Microservice", "SendList.Microservice\SendList.Microservice.csproj", "{CF978A99-4434-47AD-8265-20D10FC04C1F}"
EndProject
Project("{FAE04EC0-301F-11D3-BF4B-00C04F79EFBC}") = "ReceiveList.Microservice", "ReceiveList.Microservice\ReceiveList.Microservice.csproj", "{8C189080-5A76-4B96-8752-89D19A090C58}"
EndProject
Global
	GlobalSection(SolutionConfigurationPlatforms) = preSolution
		Debug|Any CPU = Debug|Any CPU
		Release|Any CPU = Release|Any CPU
	EndGlobalSection
	GlobalSection(ProjectConfigurationPlatforms) = postSolution
		{4E5E71AF-AF58-4A4B-B781-E9F1E5E2D197}.Debug|Any CPU.ActiveCfg = Debug|Any CPU
		{4E5E71AF-AF58-4A4B-B781-E9F1E5E2D197}.Debug|Any CPU.Build.0 = Debug|Any CPU
		{4E5E71AF-AF58-4A4B-B781-E9F1E5E2D197}.Release|Any CPU.ActiveCfg = Release|Any CPU
		{4E5E71AF-AF58-4A4B-B781-E9F1E5E2D197}.Release|Any CPU.Build.0 = Release|Any CPU
		{CF978A99-4434-47AD-8265-20D10FC04C1F}.Debug|Any CPU.ActiveCfg = Debug|Any CPU
		{CF978A99-4434-47AD-8265-20D10FC04C1F}.Debug|Any CPU.Build.0 = Debug|Any CPU
		{CF978A99-4434-47AD-8265-20D10FC04C1F}.Release|Any CPU.ActiveCfg = Release|Any CPU
		{CF978A99-4434-47AD-8265-20D10FC04C1F}.Release|Any CPU.Build.0 = Release|Any CPU
		{8C189080-5A76-4B96-8752-89D19A090C58}.Debug|Any CPU.ActiveCfg = Debug|Any CPU
		{8C189080-5A76-4B96-8752-89D19A090C58}.Debug|Any CPU.Build.0 = Debug|Any CPU
		{8C189080-5A76-4B96-8752-89D19A090C58}.Release|Any CPU.ActiveCfg = Release|Any CPU
		{8C189080-5A76-4B96-8752-89D19A090C58}.Release|Any CPU.Build.0 = Release|Any CPU
	EndGlobalSection
	GlobalSection(SolutionProperties) = preSolution
		HideSolutionNode = FALSE
	EndGlobalSection
	GlobalSection(ExtensibilityGlobals) = postSolution
		SolutionGuid = {4C7B076D-11A0-4094-82A0-F7EBE62DD1A1}
	EndGlobalSection
EndGlobal
